
Microsoft Visual Studio Solution File, Format Version 11.00
# Visual Studio 2010
Project("{FAE04EC0-301F-11D3-BF4B-00C04F79EFBC}") = "UserAgent", "UserAgent\UserAgent.csproj", "{E02E9F40-627D-4931-B3FD-E263A5E40720}"
EndProject
Global
	GlobalSection(SolutionConfigurationPlatforms) = preSolution
		Debug|Any CPU = Debug|Any CPU
		Release|Any CPU = Release|Any CPU
	EndGlobalSection
	GlobalSection(ProjectConfigurationPlatforms) = postSolution
		{E02E9F40-627D-4931-B3FD-E263A5E40720}.Debug|Any CPU.ActiveCfg = Debug|Any CPU
		{E02E9F40-627D-4931-B3FD-E263A5E40720}.Debug|Any CPU.Build.0 = Debug|Any CPU
		{E02E9F40-627D-4931-B3FD-E263A5E40720}.Release|Any CPU.ActiveCfg = Release|Any CPU
		{E02E9F40-627D-4931-B3FD-E263A5E40720}.Release|Any CPU.Build.0 = Release|Any CPU
	EndGlobalSection
	GlobalSection(SolutionProperties) = preSolution
		HideSolutionNode = FALSE
	EndGlobalSection
EndGlobal
